// !$*UTF8*$!
{
	archiveVersion = 1;
	classes = {
	};
	objectVersion = 46;
	objects = {

/* Begin PBXBuildFile section */
		2C5B30FE14EEDB7400C4C259 /* Foundation.framework in Frameworks */ = {isa = PBXBuildFile; fileRef = 2C5B30FD14EEDB7400C4C259 /* Foundation.framework */; };
		2C5B310014EEDB7400C4C259 /* UIKit.framework in Frameworks */ = {isa = PBXBuildFile; fileRef = 2C5B30FF14EEDB7400C4C259 /* UIKit.framework */; };
		2C5B310214EEDB7400C4C259 /* CoreGraphics.framework in Frameworks */ = {isa = PBXBuildFile; fileRef = 2C5B310114EEDB7400C4C259 /* CoreGraphics.framework */; };
		2C5B310414EEDB7400C4C259 /* AddressBook.framework in Frameworks */ = {isa = PBXBuildFile; fileRef = 2C5B310314EEDB7400C4C259 /* AddressBook.framework */; };
		2C5B310614EEDB7400C4C259 /* AddressBookUI.framework in Frameworks */ = {isa = PBXBuildFile; fileRef = 2C5B310514EEDB7400C4C259 /* AddressBookUI.framework */; };
		2C5B310814EEDB7400C4C259 /* AudioToolbox.framework in Frameworks */ = {isa = PBXBuildFile; fileRef = 2C5B310714EEDB7400C4C259 /* AudioToolbox.framework */; };
		2C5B310A14EEDB7400C4C259 /* AVFoundation.framework in Frameworks */ = {isa = PBXBuildFile; fileRef = 2C5B310914EEDB7400C4C259 /* AVFoundation.framework */; };
		2C5B310C14EEDB7400C4C259 /* CoreLocation.framework in Frameworks */ = {isa = PBXBuildFile; fileRef = 2C5B310B14EEDB7400C4C259 /* CoreLocation.framework */; };
		2C5B310E14EEDB7400C4C259 /* MediaPlayer.framework in Frameworks */ = {isa = PBXBuildFile; fileRef = 2C5B310D14EEDB7400C4C259 /* MediaPlayer.framework */; };
		2C5B311014EEDB7400C4C259 /* QuartzCore.framework in Frameworks */ = {isa = PBXBuildFile; fileRef = 2C5B310F14EEDB7400C4C259 /* QuartzCore.framework */; };
		2C5B311214EEDB7400C4C259 /* SystemConfiguration.framework in Frameworks */ = {isa = PBXBuildFile; fileRef = 2C5B311114EEDB7400C4C259 /* SystemConfiguration.framework */; };
		2C5B311414EEDB7400C4C259 /* MobileCoreServices.framework in Frameworks */ = {isa = PBXBuildFile; fileRef = 2C5B311314EEDB7400C4C259 /* MobileCoreServices.framework */; };
		2C5B311614EEDB7400C4C259 /* CoreMedia.framework in Frameworks */ = {isa = PBXBuildFile; fileRef = 2C5B311514EEDB7400C4C259 /* CoreMedia.framework */; };
		2C5B311C14EEDB7400C4C259 /* InfoPlist.strings in Resources */ = {isa = PBXBuildFile; fileRef = 2C5B311A14EEDB7400C4C259 /* InfoPlist.strings */; };
		2C5B311E14EEDB7400C4C259 /* main.m in Sources */ = {isa = PBXBuildFile; fileRef = 2C5B311D14EEDB7400C4C259 /* main.m */; };
		2C5B312114EEDB7400C4C259 /* PhoneGap.framework in Frameworks */ = {isa = PBXBuildFile; fileRef = 2C5B312014EEDB7400C4C259 /* PhoneGap.framework */; };
		2C5B312614EEDB7400C4C259 /* Localizable.strings in Resources */ = {isa = PBXBuildFile; fileRef = 2C5B312414EEDB7400C4C259 /* Localizable.strings */; };
		2C5B312A14EEDB7400C4C259 /* Localizable.strings in Resources */ = {isa = PBXBuildFile; fileRef = 2C5B312814EEDB7400C4C259 /* Localizable.strings */; };
		2C5B312D14EEDB7400C4C259 /* icon.png in Resources */ = {isa = PBXBuildFile; fileRef = 2C5B312C14EEDB7400C4C259 /* icon.png */; };
		2C5B312F14EEDB7400C4C259 /* icon@2x.png in Resources */ = {isa = PBXBuildFile; fileRef = 2C5B312E14EEDB7400C4C259 /* icon@2x.png */; };
		2C5B313114EEDB7400C4C259 /* icon-72.png in Resources */ = {isa = PBXBuildFile; fileRef = 2C5B313014EEDB7400C4C259 /* icon-72.png */; };
		2C5B313414EEDB7400C4C259 /* Default.png in Resources */ = {isa = PBXBuildFile; fileRef = 2C5B313314EEDB7400C4C259 /* Default.png */; };
		2C5B313614EEDB7400C4C259 /* Default@2x.png in Resources */ = {isa = PBXBuildFile; fileRef = 2C5B313514EEDB7400C4C259 /* Default@2x.png */; };
		2C5B313814EEDB7400C4C259 /* Capture.bundle in Resources */ = {isa = PBXBuildFile; fileRef = 2C5B313714EEDB7400C4C259 /* Capture.bundle */; };
		2C5B313A14EEDB7500C4C259 /* PhoneGap.plist in Resources */ = {isa = PBXBuildFile; fileRef = 2C5B313914EEDB7500C4C259 /* PhoneGap.plist */; };
		2C5B313E14EEDB7500C4C259 /* AppDelegate.m in Sources */ = {isa = PBXBuildFile; fileRef = 2C5B313D14EEDB7500C4C259 /* AppDelegate.m */; };
		2C5B314114EEDB7500C4C259 /* MainViewController.m in Sources */ = {isa = PBXBuildFile; fileRef = 2C5B314014EEDB7500C4C259 /* MainViewController.m */; };
		2C5B314314EEDB7500C4C259 /* MainViewController.xib in Resources */ = {isa = PBXBuildFile; fileRef = 2C5B314214EEDB7500C4C259 /* MainViewController.xib */; };
		2C5B314C14EEDC0300C4C259 /* www in Resources */ = {isa = PBXBuildFile; fileRef = 2C5B314B14EEDC0300C4C259 /* www */; };
/* End PBXBuildFile section */

/* Begin PBXFileReference section */
		2C5B30F914EEDB7400C4C259 /* SenchaTouch2Demo.app */ = {isa = PBXFileReference; explicitFileType = wrapper.application; includeInIndex = 0; path = SenchaTouch2Demo.app; sourceTree = BUILT_PRODUCTS_DIR; };
		2C5B30FD14EEDB7400C4C259 /* Foundation.framework */ = {isa = PBXFileReference; lastKnownFileType = wrapper.framework; name = Foundation.framework; path = System/Library/Frameworks/Foundation.framework; sourceTree = SDKROOT; };
		2C5B30FF14EEDB7400C4C259 /* UIKit.framework */ = {isa = PBXFileReference; lastKnownFileType = wrapper.framework; name = UIKit.framework; path = System/Library/Frameworks/UIKit.framework; sourceTree = SDKROOT; };
		2C5B310114EEDB7400C4C259 /* CoreGraphics.framework */ = {isa = PBXFileReference; lastKnownFileType = wrapper.framework; name = CoreGraphics.framework; path = System/Library/Frameworks/CoreGraphics.framework; sourceTree = SDKROOT; };
		2C5B310314EEDB7400C4C259 /* AddressBook.framework */ = {isa = PBXFileReference; lastKnownFileType = wrapper.framework; name = AddressBook.framework; path = System/Library/Frameworks/AddressBook.framework; sourceTree = SDKROOT; };
		2C5B310514EEDB7400C4C259 /* AddressBookUI.framework */ = {isa = PBXFileReference; lastKnownFileType = wrapper.framework; name = AddressBookUI.framework; path = System/Library/Frameworks/AddressBookUI.framework; sourceTree = SDKROOT; };
		2C5B310714EEDB7400C4C259 /* AudioToolbox.framework */ = {isa = PBXFileReference; lastKnownFileType = wrapper.framework; name = AudioToolbox.framework; path = System/Library/Frameworks/AudioToolbox.framework; sourceTree = SDKROOT; };
		2C5B310914EEDB7400C4C259 /* AVFoundation.framework */ = {isa = PBXFileReference; lastKnownFileType = wrapper.framework; name = AVFoundation.framework; path = System/Library/Frameworks/AVFoundation.framework; sourceTree = SDKROOT; };
		2C5B310B14EEDB7400C4C259 /* CoreLocation.framework */ = {isa = PBXFileReference; lastKnownFileType = wrapper.framework; name = CoreLocation.framework; path = System/Library/Frameworks/CoreLocation.framework; sourceTree = SDKROOT; };
		2C5B310D14EEDB7400C4C259 /* MediaPlayer.framework */ = {isa = PBXFileReference; lastKnownFileType = wrapper.framework; name = MediaPlayer.framework; path = System/Library/Frameworks/MediaPlayer.framework; sourceTree = SDKROOT; };
		2C5B310F14EEDB7400C4C259 /* QuartzCore.framework */ = {isa = PBXFileReference; lastKnownFileType = wrapper.framework; name = QuartzCore.framework; path = System/Library/Frameworks/QuartzCore.framework; sourceTree = SDKROOT; };
		2C5B311114EEDB7400C4C259 /* SystemConfiguration.framework */ = {isa = PBXFileReference; lastKnownFileType = wrapper.framework; name = SystemConfiguration.framework; path = System/Library/Frameworks/SystemConfiguration.framework; sourceTree = SDKROOT; };
		2C5B311314EEDB7400C4C259 /* MobileCoreServices.framework */ = {isa = PBXFileReference; lastKnownFileType = wrapper.framework; name = MobileCoreServices.framework; path = System/Library/Frameworks/MobileCoreServices.framework; sourceTree = SDKROOT; };
		2C5B311514EEDB7400C4C259 /* CoreMedia.framework */ = {isa = PBXFileReference; lastKnownFileType = wrapper.framework; name = CoreMedia.framework; path = System/Library/Frameworks/CoreMedia.framework; sourceTree = SDKROOT; };
		2C5B311914EEDB7400C4C259 /* SenchaTouch2Demo-Info.plist */ = {isa = PBXFileReference; lastKnownFileType = text.plist.xml; path = "SenchaTouch2Demo-Info.plist"; sourceTree = "<group>"; };
		2C5B311B14EEDB7400C4C259 /* en */ = {isa = PBXFileReference; lastKnownFileType = text.plist.strings; name = en; path = en.lproj/InfoPlist.strings; sourceTree = "<group>"; };
		2C5B311D14EEDB7400C4C259 /* main.m */ = {isa = PBXFileReference; lastKnownFileType = sourcecode.c.objc; path = main.m; sourceTree = "<group>"; };
		2C5B311F14EEDB7400C4C259 /* SenchaTouch2Demo-Prefix.pch */ = {isa = PBXFileReference; lastKnownFileType = sourcecode.c.h; path = "SenchaTouch2Demo-Prefix.pch"; sourceTree = "<group>"; };
		2C5B312014EEDB7400C4C259 /* PhoneGap.framework */ = {isa = PBXFileReference; lastKnownFileType = wrapper.framework; name = PhoneGap.framework; path = /Users/Shared/PhoneGap/Frameworks/PhoneGap.framework; sourceTree = "<absolute>"; };
		2C5B312514EEDB7400C4C259 /* en */ = {isa = PBXFileReference; lastKnownFileType = text.plist.strings; name = en; path = Resources/en.lproj/Localizable.strings; sourceTree = "<group>"; };
		2C5B312914EEDB7400C4C259 /* es */ = {isa = PBXFileReference; lastKnownFileType = text.plist.strings; name = es; path = Resources/es.lproj/Localizable.strings; sourceTree = "<group>"; };
		2C5B312C14EEDB7400C4C259 /* icon.png */ = {isa = PBXFileReference; lastKnownFileType = image.png; name = icon.png; path = Resources/icons/icon.png; sourceTree = "<group>"; };
		2C5B312E14EEDB7400C4C259 /* icon@2x.png */ = {isa = PBXFileReference; lastKnownFileType = image.png; name = "icon@2x.png"; path = "Resources/icons/icon@2x.png"; sourceTree = "<group>"; };
		2C5B313014EEDB7400C4C259 /* icon-72.png */ = {isa = PBXFileReference; lastKnownFileType = image.png; name = "icon-72.png"; path = "Resources/icons/icon-72.png"; sourceTree = "<group>"; };
		2C5B313314EEDB7400C4C259 /* Default.png */ = {isa = PBXFileReference; lastKnownFileType = image.png; name = Default.png; path = Resources/splash/Default.png; sourceTree = "<group>"; };
		2C5B313514EEDB7400C4C259 /* Default@2x.png */ = {isa = PBXFileReference; lastKnownFileType = image.png; name = "Default@2x.png"; path = "Resources/splash/Default@2x.png"; sourceTree = "<group>"; };
		2C5B313714EEDB7400C4C259 /* Capture.bundle */ = {isa = PBXFileReference; lastKnownFileType = "wrapper.plug-in"; name = Capture.bundle; path = Resources/Capture.bundle; sourceTree = "<group>"; };
		2C5B313914EEDB7500C4C259 /* PhoneGap.plist */ = {isa = PBXFileReference; lastKnownFileType = text.plist.xml; path = PhoneGap.plist; sourceTree = "<group>"; };
		2C5B313C14EEDB7500C4C259 /* AppDelegate.h */ = {isa = PBXFileReference; lastKnownFileType = sourcecode.c.h; name = AppDelegate.h; path = Classes/AppDelegate.h; sourceTree = "<group>"; };
		2C5B313D14EEDB7500C4C259 /* AppDelegate.m */ = {isa = PBXFileReference; lastKnownFileType = sourcecode.c.objc; name = AppDelegate.m; path = Classes/AppDelegate.m; sourceTree = "<group>"; };
		2C5B313F14EEDB7500C4C259 /* MainViewController.h */ = {isa = PBXFileReference; lastKnownFileType = sourcecode.c.h; name = MainViewController.h; path = Classes/MainViewController.h; sourceTree = "<group>"; };
		2C5B314014EEDB7500C4C259 /* MainViewController.m */ = {isa = PBXFileReference; lastKnownFileType = sourcecode.c.objc; name = MainViewController.m; path = Classes/MainViewController.m; sourceTree = "<group>"; };
		2C5B314214EEDB7500C4C259 /* MainViewController.xib */ = {isa = PBXFileReference; lastKnownFileType = file.xib; name = MainViewController.xib; path = Classes/MainViewController.xib; sourceTree = "<group>"; };
		2C5B314514EEDB7500C4C259 /* README */ = {isa = PBXFileReference; lastKnownFileType = text; name = README; path = Plugins/README; sourceTree = "<group>"; };
		2C5B314B14EEDC0300C4C259 /* www */ = {isa = PBXFileReference; lastKnownFileType = folder; path = www; sourceTree = "<group>"; };
/* End PBXFileReference section */

/* Begin PBXFrameworksBuildPhase section */
		2C5B30F314EEDB7400C4C259 /* Frameworks */ = {
			isa = PBXFrameworksBuildPhase;
			buildActionMask = 2147483647;
			files = (
				2C5B30FE14EEDB7400C4C259 /* Foundation.framework in Frameworks */,
				2C5B310014EEDB7400C4C259 /* UIKit.framework in Frameworks */,
				2C5B310214EEDB7400C4C259 /* CoreGraphics.framework in Frameworks */,
				2C5B310414EEDB7400C4C259 /* AddressBook.framework in Frameworks */,
				2C5B310614EEDB7400C4C259 /* AddressBookUI.framework in Frameworks */,
				2C5B310814EEDB7400C4C259 /* AudioToolbox.framework in Frameworks */,
				2C5B310A14EEDB7400C4C259 /* AVFoundation.framework in Frameworks */,
				2C5B310C14EEDB7400C4C259 /* CoreLocation.framework in Frameworks */,
				2C5B310E14EEDB7400C4C259 /* MediaPlayer.framework in Frameworks */,
				2C5B311014EEDB7400C4C259 /* QuartzCore.framework in Frameworks */,
				2C5B311214EEDB7400C4C259 /* SystemConfiguration.framework in Frameworks */,
				2C5B311414EEDB7400C4C259 /* MobileCoreServices.framework in Frameworks */,
				2C5B311614EEDB7400C4C259 /* CoreMedia.framework in Frameworks */,
				2C5B312114EEDB7400C4C259 /* PhoneGap.framework in Frameworks */,
			);
			runOnlyForDeploymentPostprocessing = 0;
		};
		2C5B30F614EEDB7400C4C259 /* Frameworks */ = {
			isa = PBXFrameworksBuildPhase;
			buildActionMask = 2147483647;
			files = (
			);
			runOnlyForDeploymentPostprocessing = 0;
		};
/* End PBXFrameworksBuildPhase section */

/* Begin PBXGroup section */
		2C5B30EB14EEDB7400C4C259 = {
			isa = PBXGroup;
			children = (
				2C5B314B14EEDC0300C4C259 /* www */,
				2C5B311714EEDB7400C4C259 /* SenchaTouch2Demo */,
				2C5B30FC14EEDB7400C4C259 /* Frameworks */,
				2C5B30FA14EEDB7400C4C259 /* Products */,
			);
			sourceTree = "<group>";
		};
		2C5B30FA14EEDB7400C4C259 /* Products */ = {
			isa = PBXGroup;
			children = (
				2C5B30F914EEDB7400C4C259 /* SenchaTouch2Demo.app */,
			);
			name = Products;
			sourceTree = "<group>";
		};
		2C5B30FC14EEDB7400C4C259 /* Frameworks */ = {
			isa = PBXGroup;
			children = (
				2C5B30FD14EEDB7400C4C259 /* Foundation.framework */,
				2C5B30FF14EEDB7400C4C259 /* UIKit.framework */,
				2C5B310114EEDB7400C4C259 /* CoreGraphics.framework */,
				2C5B310314EEDB7400C4C259 /* AddressBook.framework */,
				2C5B310514EEDB7400C4C259 /* AddressBookUI.framework */,
				2C5B310714EEDB7400C4C259 /* AudioToolbox.framework */,
				2C5B310914EEDB7400C4C259 /* AVFoundation.framework */,
				2C5B310B14EEDB7400C4C259 /* CoreLocation.framework */,
				2C5B310D14EEDB7400C4C259 /* MediaPlayer.framework */,
				2C5B310F14EEDB7400C4C259 /* QuartzCore.framework */,
				2C5B311114EEDB7400C4C259 /* SystemConfiguration.framework */,
				2C5B311314EEDB7400C4C259 /* MobileCoreServices.framework */,
				2C5B311514EEDB7400C4C259 /* CoreMedia.framework */,
			);
			name = Frameworks;
			sourceTree = "<group>";
		};
		2C5B311714EEDB7400C4C259 /* SenchaTouch2Demo */ = {
			isa = PBXGroup;
			children = (
				2C5B312014EEDB7400C4C259 /* PhoneGap.framework */,
				2C5B312214EEDB7400C4C259 /* Resources */,
				2C5B313B14EEDB7500C4C259 /* Classes */,
				2C5B314414EEDB7500C4C259 /* Plugins */,
				2C5B311814EEDB7400C4C259 /* Supporting Files */,
			);
			path = SenchaTouch2Demo;
			sourceTree = "<group>";
		};
		2C5B311814EEDB7400C4C259 /* Supporting Files */ = {
			isa = PBXGroup;
			children = (
				2C5B311914EEDB7400C4C259 /* SenchaTouch2Demo-Info.plist */,
				2C5B311A14EEDB7400C4C259 /* InfoPlist.strings */,
				2C5B311D14EEDB7400C4C259 /* main.m */,
				2C5B311F14EEDB7400C4C259 /* SenchaTouch2Demo-Prefix.pch */,
				2C5B313914EEDB7500C4C259 /* PhoneGap.plist */,
				2C5B314214EEDB7500C4C259 /* MainViewController.xib */,
			);
			name = "Supporting Files";
			sourceTree = "<group>";
		};
		2C5B312214EEDB7400C4C259 /* Resources */ = {
			isa = PBXGroup;
			children = (
				2C5B313714EEDB7400C4C259 /* Capture.bundle */,
				2C5B312314EEDB7400C4C259 /* en.lproj */,
				2C5B312714EEDB7400C4C259 /* es.lproj */,
				2C5B312B14EEDB7400C4C259 /* icons */,
				2C5B313214EEDB7400C4C259 /* splash */,
			);
			name = Resources;
			sourceTree = "<group>";
		};
		2C5B312314EEDB7400C4C259 /* en.lproj */ = {
			isa = PBXGroup;
			children = (
				2C5B312414EEDB7400C4C259 /* Localizable.strings */,
			);
			name = en.lproj;
			sourceTree = "<group>";
		};
		2C5B312714EEDB7400C4C259 /* es.lproj */ = {
			isa = PBXGroup;
			children = (
				2C5B312814EEDB7400C4C259 /* Localizable.strings */,
			);
			name = es.lproj;
			sourceTree = "<group>";
		};
		2C5B312B14EEDB7400C4C259 /* icons */ = {
			isa = PBXGroup;
			children = (
				2C5B312C14EEDB7400C4C259 /* icon.png */,
				2C5B312E14EEDB7400C4C259 /* icon@2x.png */,
				2C5B313014EEDB7400C4C259 /* icon-72.png */,
			);
			name = icons;
			sourceTree = "<group>";
		};
		2C5B313214EEDB7400C4C259 /* splash */ = {
			isa = PBXGroup;
			children = (
				2C5B313314EEDB7400C4C259 /* Default.png */,
				2C5B313514EEDB7400C4C259 /* Default@2x.png */,
			);
			name = splash;
			sourceTree = "<group>";
		};
		2C5B313B14EEDB7500C4C259 /* Classes */ = {
			isa = PBXGroup;
			children = (
				2C5B313C14EEDB7500C4C259 /* AppDelegate.h */,
				2C5B313D14EEDB7500C4C259 /* AppDelegate.m */,
				2C5B313F14EEDB7500C4C259 /* MainViewController.h */,
				2C5B314014EEDB7500C4C259 /* MainViewController.m */,
			);
			name = Classes;
			sourceTree = "<group>";
		};
		2C5B314414EEDB7500C4C259 /* Plugins */ = {
			isa = PBXGroup;
			children = (
				2C5B314514EEDB7500C4C259 /* README */,
			);
			name = Plugins;
			sourceTree = "<group>";
		};
/* End PBXGroup section */

/* Begin PBXNativeTarget section */
		2C5B30F814EEDB7400C4C259 /* SenchaTouch2Demo */ = {
			isa = PBXNativeTarget;
			buildConfigurationList = 2C5B314814EEDB7500C4C259 /* Build configuration list for PBXNativeTarget "SenchaTouch2Demo" */;
			buildPhases = (
				2C5B30F214EEDB7400C4C259 /* Sources */,
				2C5B30F314EEDB7400C4C259 /* Frameworks */,
				2C5B30F414EEDB7400C4C259 /* Resources */,
				2C5B30F514EEDB7400C4C259 /* Sources */,
				2C5B30F614EEDB7400C4C259 /* Frameworks */,
				2C5B30F714EEDB7400C4C259 /* ShellScript */,
			);
			buildRules = (
			);
			dependencies = (
			);
			name = SenchaTouch2Demo;
			productName = SenchaTouch2Demo;
			productReference = 2C5B30F914EEDB7400C4C259 /* SenchaTouch2Demo.app */;
			productType = "com.apple.product-type.application";
		};
/* End PBXNativeTarget section */

/* Begin PBXProject section */
		2C5B30ED14EEDB7400C4C259 /* Project object */ = {
			isa = PBXProject;
			attributes = {
				LastUpgradeCheck = 0420;
				ORGANIZATIONNAME = Manufato;
			};
			buildConfigurationList = 2C5B30F014EEDB7400C4C259 /* Build configuration list for PBXProject "SenchaTouch2Demo" */;
			compatibilityVersion = "Xcode 3.2";
			developmentRegion = English;
			hasScannedForEncodings = 0;
			knownRegions = (
				en,
				es,
			);
			mainGroup = 2C5B30EB14EEDB7400C4C259;
			productRefGroup = 2C5B30FA14EEDB7400C4C259 /* Products */;
			projectDirPath = "";
			projectRoot = "";
			targets = (
				2C5B30F814EEDB7400C4C259 /* SenchaTouch2Demo */,
			);
		};
/* End PBXProject section */

/* Begin PBXResourcesBuildPhase section */
		2C5B30F414EEDB7400C4C259 /* Resources */ = {
			isa = PBXResourcesBuildPhase;
			buildActionMask = 2147483647;
			files = (
				2C5B311C14EEDB7400C4C259 /* InfoPlist.strings in Resources */,
				2C5B312614EEDB7400C4C259 /* Localizable.strings in Resources */,
				2C5B312A14EEDB7400C4C259 /* Localizable.strings in Resources */,
				2C5B312D14EEDB7400C4C259 /* icon.png in Resources */,
				2C5B312F14EEDB7400C4C259 /* icon@2x.png in Resources */,
				2C5B313114EEDB7400C4C259 /* icon-72.png in Resources */,
				2C5B313414EEDB7400C4C259 /* Default.png in Resources */,
				2C5B313614EEDB7400C4C259 /* Default@2x.png in Resources */,
				2C5B313814EEDB7400C4C259 /* Capture.bundle in Resources */,
				2C5B313A14EEDB7500C4C259 /* PhoneGap.plist in Resources */,
				2C5B314314EEDB7500C4C259 /* MainViewController.xib in Resources */,
				2C5B314C14EEDC0300C4C259 /* www in Resources */,
			);
			runOnlyForDeploymentPostprocessing = 0;
		};
/* End PBXResourcesBuildPhase section */

/* Begin PBXShellScriptBuildPhase section */
		2C5B30F714EEDB7400C4C259 /* ShellScript */ = {
			isa = PBXShellScriptBuildPhase;
			buildActionMask = 2147483647;
			files = (
			);
			inputPaths = (
			);
			outputPaths = (
			);
			runOnlyForDeploymentPostprocessing = 0;
			shellPath = /bin/bash;
			shellScript = "\n\t\t\t\t\t\t\t\tif [ ! -d \"$PROJECT_DIR/www\" ] ; then\n\t\t\t\t\t\t\t\t\tcp -R /Users/Shared/PhoneGap/Frameworks/PhoneGap.framework/www \"$PROJECT_DIR\"\n\t\t\t\t\t\t\t\tfi\n\t\t\t\t\t\t\t\t# detect www folder reference in project, if missing, print warning\n\t\t\t\t\t\t\t\tgrep \"{isa = PBXFileReference; lastKnownFileType = folder; path = www; sourceTree = \\\"<group>\\\"; };\" \"$PROJECT_DIR/$PROJECT_NAME.xcodeproj/project.pbxproj\"\n\t\t\t\t\t\t\t\trc=$? \n\t\t\t\t\t\t\t\tif [ $rc != 0 ] ; then\n\t\t\t\t\t\t\t\techo -e \"warning: Missing - Add $PROJECT_DIR/www as a folder reference in your project. Just drag and drop the folder into your project, into the Project Navigator of Xcode 4. Make sure you select the second radio-button: 'Create folder references for any added folders' (which will create a blue folder)\" 1>&2\n\t\t\t\t\t\t\t\tfi\t\t\t\t\t\t\t";
		};
/* End PBXShellScriptBuildPhase section */

/* Begin PBXSourcesBuildPhase section */
		2C5B30F214EEDB7400C4C259 /* Sources */ = {
			isa = PBXSourcesBuildPhase;
			buildActionMask = 2147483647;
			files = (
				2C5B311E14EEDB7400C4C259 /* main.m in Sources */,
				2C5B313E14EEDB7500C4C259 /* AppDelegate.m in Sources */,
				2C5B314114EEDB7500C4C259 /* MainViewController.m in Sources */,
			);
			runOnlyForDeploymentPostprocessing = 0;
		};
		2C5B30F514EEDB7400C4C259 /* Sources */ = {
			isa = PBXSourcesBuildPhase;
			buildActionMask = 2147483647;
			files = (
			);
			runOnlyForDeploymentPostprocessing = 0;
		};
/* End PBXSourcesBuildPhase section */

/* Begin PBXVariantGroup section */
		2C5B311A14EEDB7400C4C259 /* InfoPlist.strings */ = {
			isa = PBXVariantGroup;
			children = (
				2C5B311B14EEDB7400C4C259 /* en */,
			);
			name = InfoPlist.strings;
			sourceTree = "<group>";
		};
		2C5B312414EEDB7400C4C259 /* Localizable.strings */ = {
			isa = PBXVariantGroup;
			children = (
				2C5B312514EEDB7400C4C259 /* en */,
			);
			name = Localizable.strings;
			sourceTree = "<group>";
		};
		2C5B312814EEDB7400C4C259 /* Localizable.strings */ = {
			isa = PBXVariantGroup;
			children = (
				2C5B312914EEDB7400C4C259 /* es */,
			);
			name = Localizable.strings;
			sourceTree = "<group>";
		};
/* End PBXVariantGroup section */

/* Begin XCBuildConfiguration section */
		2C5B314614EEDB7500C4C259 /* Debug */ = {
			isa = XCBuildConfiguration;
			buildSettings = {
				ALWAYS_SEARCH_USER_PATHS = NO;
				ARCHS = "$(ARCHS_STANDARD_32_BIT)";
				CLANG_ENABLE_OBJC_ARC = YES;
				"CODE_SIGN_IDENTITY[sdk=iphoneos*]" = "iPhone Developer";
				COPY_PHASE_STRIP = NO;
				GCC_C_LANGUAGE_STANDARD = gnu99;
				GCC_DYNAMIC_NO_PIC = NO;
				GCC_OPTIMIZATION_LEVEL = 0;
				GCC_PREPROCESSOR_DEFINITIONS = (
					"DEBUG=1",
					"$(inherited)",
				);
				GCC_SYMBOLS_PRIVATE_EXTERN = NO;
				GCC_VERSION = com.apple.compilers.llvmgcc42;
				GCC_WARN_ABOUT_MISSING_PROTOTYPES = YES;
				GCC_WARN_ABOUT_RETURN_TYPE = YES;
				GCC_WARN_UNUSED_VARIABLE = YES;
				IPHONEOS_DEPLOYMENT_TARGET = 3.0;
				SDKROOT = iphoneos;
			};
			name = Debug;
		};
		2C5B314714EEDB7500C4C259 /* Release */ = {
			isa = XCBuildConfiguration;
			buildSettings = {
				ALWAYS_SEARCH_USER_PATHS = NO;
				ARCHS = "$(ARCHS_STANDARD_32_BIT)";
				CLANG_ENABLE_OBJC_ARC = YES;
				"CODE_SIGN_IDENTITY[sdk=iphoneos*]" = "iPhone Developer";
				COPY_PHASE_STRIP = YES;
				GCC_C_LANGUAGE_STANDARD = gnu99;
				GCC_VERSION = com.apple.compilers.llvmgcc42;
				GCC_WARN_ABOUT_MISSING_PROTOTYPES = YES;
				GCC_WARN_ABOUT_RETURN_TYPE = YES;
				GCC_WARN_UNUSED_VARIABLE = YES;
				IPHONEOS_DEPLOYMENT_TARGET = 3.0;
				SDKROOT = iphoneos;
				VALIDATE_PRODUCT = YES;
			};
			name = Release;
		};
		2C5B314914EEDB7500C4C259 /* Debug */ = {
			isa = XCBuildConfiguration;
			buildSettings = {
				ALWAYS_SEARCH_USER_PATHS = YES;
				COPY_PHASE_STRIP = NO;
				FRAMEWORK_SEARCH_PATHS = /Users/Shared/PhoneGap/Frameworks;
				GCC_DYNAMIC_NO_PIC = NO;
				GCC_PRECOMPILE_PREFIX_HEADER = YES;
				GCC_PREFIX_HEADER = "SenchaTouch2Demo/SenchaTouch2Demo-Prefix.pch";
				GCC_PREPROCESSOR_DEFINITIONS = "PHONEGAP_FRAMEWORK=YES";
				INFOPLIST_FILE = "SenchaTouch2Demo/SenchaTouch2Demo-Info.plist";
				OTHER_LDFLAGS = (
					"-weak_framework",
					UIKit,
					"-weak_framework",
					AVFoundation,
					"-weak_framework",
					CoreMedia,
					"-weak_library",
					/usr/lib/libSystem.B.dylib,
				);
				PRODUCT_NAME = "$(TARGET_NAME)";
				TARGETED_DEVICE_FAMILY = "1,2";
				WRAPPER_EXTENSION = app;
			};
			name = Debug;
		};
		2C5B314A14EEDB7500C4C259 /* Release */ = {
			isa = XCBuildConfiguration;
			buildSettings = {
				ALWAYS_SEARCH_USER_PATHS = YES;
				COPY_PHASE_STRIP = YES;
				DEBUG_INFORMATION_FORMAT = "dwarf-with-dsym";
				FRAMEWORK_SEARCH_PATHS = /Users/Shared/PhoneGap/Frameworks;
				GCC_PRECOMPILE_PREFIX_HEADER = YES;
				GCC_PREFIX_HEADER = "SenchaTouch2Demo/SenchaTouch2Demo-Prefix.pch";
				GCC_PREPROCESSOR_DEFINITIONS = "PHONEGAP_FRAMEWORK=YES";
				INFOPLIST_FILE = "SenchaTouch2Demo/SenchaTouch2Demo-Info.plist";
				OTHER_LDFLAGS = (
					"-weak_framework",
					UIKit,
					"-weak_framework",
					AVFoundation,
					"-weak_framework",
					CoreMedia,
					"-weak_library",
					/usr/lib/libSystem.B.dylib,
				);
				PRODUCT_NAME = "$(TARGET_NAME)";
				TARGETED_DEVICE_FAMILY = "1,2";
				VALIDATE_PRODUCT = YES;
				WRAPPER_EXTENSION = app;
			};
			name = Release;
		};
/* End XCBuildConfiguration section */

/* Begin XCConfigurationList section */
		2C5B30F014EEDB7400C4C259 /* Build configuration list for PBXProject "SenchaTouch2Demo" */ = {
			isa = XCConfigurationList;
			buildConfigurations = (
				2C5B314614EEDB7500C4C259 /* Debug */,
				2C5B314714EEDB7500C4C259 /* Release */,
			);
			defaultConfigurationIsVisible = 0;
			defaultConfigurationName = Release;
		};
		2C5B314814EEDB7500C4C259 /* Build configuration list for PBXNativeTarget "SenchaTouch2Demo" */ = {
			isa = XCConfigurationList;
			buildConfigurations = (
				2C5B314914EEDB7500C4C259 /* Debug */,
				2C5B314A14EEDB7500C4C259 /* Release */,
			);
			defaultConfigurationIsVisible = 0;
		};
/* End XCConfigurationList section */
	};
	rootObject = 2C5B30ED14EEDB7400C4C259 /* Project object */;
}
